
Microsoft Visual Studio Solution File, Format Version 12.00
# Visual Studio Version 17
VisualStudioVersion = 17.3.32819.101
MinimumVisualStudioVersion = 10.0.40219.1
Project("{FAE04EC0-301F-11D3-BF4B-00C04F79EFBC}") = "SVRPWPF", "SVRPWPF\SVRPWPF.csproj", "{085F740F-7A9C-4A98-91B4-7FAF5EFEC3E1}"
EndProject
Global
	GlobalSection(SolutionConfigurationPlatforms) = preSolution
		Debug|Any CPU = Debug|Any CPU
		Release|Any CPU = Release|Any CPU
	EndGlobalSection
	GlobalSection(ProjectConfigurationPlatforms) = postSolution
		{085F740F-7A9C-4A98-91B4-7FAF5EFEC3E1}.Debug|Any CPU.ActiveCfg = Debug|Any CPU
		{085F740F-7A9C-4A98-91B4-7FAF5EFEC3E1}.Debug|Any CPU.Build.0 = Debug|Any CPU
		{085F740F-7A9C-4A98-91B4-7FAF5EFEC3E1}.Release|Any CPU.ActiveCfg = Release|Any CPU
		{085F740F-7A9C-4A98-91B4-7FAF5EFEC3E1}.Release|Any CPU.Build.0 = Release|Any CPU
	EndGlobalSection
	GlobalSection(SolutionProperties) = preSolution
		HideSolutionNode = FALSE
	EndGlobalSection
	GlobalSection(ExtensibilityGlobals) = postSolution
		SolutionGuid = {B6EFD365-8C38-41FB-A727-9E9285F839BB}
	EndGlobalSection
EndGlobal
